// !$*UTF8*$!
{
	archiveVersion = 1;
	classes = {
	};
	objectVersion = 46;
	objects = {

/* Begin PBXBuildFile section */
		A1D83E571C16BF9200197640 /* DemoCocoaPods.h in CopyFiles */ = {isa = PBXBuildFile; fileRef = A1D83E561C16BF9200197640 /* DemoCocoaPods.h */; };
		A1D83E5F1C16BF9200197640 /* libDemoCocoaPods.a in Frameworks */ = {isa = PBXBuildFile; fileRef = A1D83E531C16BF9200197640 /* libDemoCocoaPods.a */; };
		A1D83E6F1C16C42000197640 /* SSHelloer.m in Sources */ = {isa = PBXBuildFile; fileRef = A1D83E6E1C16C42000197640 /* SSHelloer.m */; };
/* End PBXBuildFile section */

/* Begin PBXContainerItemProxy section */
		A1D83E601C16BF9200197640 /* PBXContainerItemProxy */ = {
			isa = PBXContainerItemProxy;
			containerPortal = A1D83E4B1C16BF9200197640 /* Project object */;
			proxyType = 1;
			remoteGlobalIDString = A1D83E521C16BF9200197640;
			remoteInfo = DemoCocoaPods;
		};
/* End PBXContainerItemProxy section */

/* Begin PBXCopyFilesBuildPhase section */
		A1D83E511C16BF9200197640 /* CopyFiles */ = {
			isa = PBXCopyFilesBuildPhase;
			buildActionMask = 2147483647;
			dstPath = "include/$(PRODUCT_NAME)";
			dstSubfolderSpec = 16;
			files = (
				A1D83E571C16BF9200197640 /* DemoCocoaPods.h in CopyFiles */,
			);
			runOnlyForDeploymentPostprocessing = 0;
		};
/* End PBXCopyFilesBuildPhase section */

/* Begin PBXFileReference section */
		A1D83E531C16BF9200197640 /* libDemoCocoaPods.a */ = {isa = PBXFileReference; explicitFileType = archive.ar; includeInIndex = 0; path = libDemoCocoaPods.a; sourceTree = BUILT_PRODUCTS_DIR; };
		A1D83E561C16BF9200197640 /* DemoCocoaPods.h */ = {isa = PBXFileReference; lastKnownFileType = sourcecode.c.h; path = DemoCocoaPods.h; sourceTree = "<group>"; };
		A1D83E5E1C16BF9200197640 /* DemoCocoaPodsTests.xctest */ = {isa = PBXFileReference; explicitFileType = wrapper.cfbundle; includeInIndex = 0; path = DemoCocoaPodsTests.xctest; sourceTree = BUILT_PRODUCTS_DIR; };
		A1D83E641C16BF9200197640 /* Info.plist */ = {isa = PBXFileReference; lastKnownFileType = text.plist.xml; path = Info.plist; sourceTree = "<group>"; };
		A1D83E6D1C16C42000197640 /* SSHelloer.h */ = {isa = PBXFileReference; fileEncoding = 4; lastKnownFileType = sourcecode.c.h; path = SSHelloer.h; sourceTree = "<group>"; };
		A1D83E6E1C16C42000197640 /* SSHelloer.m */ = {isa = PBXFileReference; fileEncoding = 4; lastKnownFileType = sourcecode.c.objc; path = SSHelloer.m; sourceTree = "<group>"; };
/* End PBXFileReference section */

/* Begin PBXFrameworksBuildPhase section */
		A1D83E501C16BF9200197640 /* Frameworks */ = {
			isa = PBXFrameworksBuildPhase;
			buildActionMask = 2147483647;
			files = (
			);
			runOnlyForDeploymentPostprocessing = 0;
		};
		A1D83E5B1C16BF9200197640 /* Frameworks */ = {
			isa = PBXFrameworksBuildPhase;
			buildActionMask = 2147483647;
			files = (
				A1D83E5F1C16BF9200197640 /* libDemoCocoaPods.a in Frameworks */,
			);
			runOnlyForDeploymentPostprocessing = 0;
		};
/* End PBXFrameworksBuildPhase section */

/* Begin PBXGroup section */
		A1D83E4A1C16BF9200197640 = {
			isa = PBXGroup;
			children = (
				A1D83E551C16BF9200197640 /* DemoCocoaPods */,
				A1D83E621C16BF9200197640 /* DemoCocoaPodsTests */,
				A1D83E541C16BF9200197640 /* Products */,
			);
			sourceTree = "<group>";
		};
		A1D83E541C16BF9200197640 /* Products */ = {
			isa = PBXGroup;
			children = (
				A1D83E531C16BF9200197640 /* libDemoCocoaPods.a */,
				A1D83E5E1C16BF9200197640 /* DemoCocoaPodsTests.xctest */,
			);
			name = Products;
			sourceTree = "<group>";
		};
		A1D83E551C16BF9200197640 /* DemoCocoaPods */ = {
			isa = PBXGroup;
			children = (
				A1D83E561C16BF9200197640 /* DemoCocoaPods.h */,
				A1D83E6D1C16C42000197640 /* SSHelloer.h */,
				A1D83E6E1C16C42000197640 /* SSHelloer.m */,
			);
			path = DemoCocoaPods;
			sourceTree = "<group>";
		};
		A1D83E621C16BF9200197640 /* DemoCocoaPodsTests */ = {
			isa = PBXGroup;
			children = (
				A1D83E631C16BF9200197640 /* Supporting Files */,
			);
			path = DemoCocoaPodsTests;
			sourceTree = "<group>";
		};
		A1D83E631C16BF9200197640 /* Supporting Files */ = {
			isa = PBXGroup;
			children = (
				A1D83E641C16BF9200197640 /* Info.plist */,
			);
			name = "Supporting Files";
			sourceTree = "<group>";
		};
/* End PBXGroup section */

/* Begin PBXNativeTarget section */
		A1D83E521C16BF9200197640 /* DemoCocoaPods */ = {
			isa = PBXNativeTarget;
			buildConfigurationList = A1D83E671C16BF9200197640 /* Build configuration list for PBXNativeTarget "DemoCocoaPods" */;
			buildPhases = (
				A1D83E4F1C16BF9200197640 /* Sources */,
				A1D83E501C16BF9200197640 /* Frameworks */,
				A1D83E511C16BF9200197640 /* CopyFiles */,
			);
			buildRules = (
			);
			dependencies = (
			);
			name = DemoCocoaPods;
			productName = DemoCocoaPods;
			productReference = A1D83E531C16BF9200197640 /* libDemoCocoaPods.a */;
			productType = "com.apple.product-type.library.static";
		};
		A1D83E5D1C16BF9200197640 /* DemoCocoaPodsTests */ = {
			isa = PBXNativeTarget;
			buildConfigurationList = A1D83E6A1C16BF9200197640 /* Build configuration list for PBXNativeTarget "DemoCocoaPodsTests" */;
			buildPhases = (
				A1D83E5A1C16BF9200197640 /* Sources */,
				A1D83E5B1C16BF9200197640 /* Frameworks */,
				A1D83E5C1C16BF9200197640 /* Resources */,
			);
			buildRules = (
			);
			dependencies = (
				A1D83E611C16BF9200197640 /* PBXTargetDependency */,
			);
			name = DemoCocoaPodsTests;
			productName = DemoCocoaPodsTests;
			productReference = A1D83E5E1C16BF9200197640 /* DemoCocoaPodsTests.xctest */;
			productType = "com.apple.product-type.bundle.unit-test";
		};
/* End PBXNativeTarget section */

/* Begin PBXProject section */
		A1D83E4B1C16BF9200197640 /* Project object */ = {
			isa = PBXProject;
			attributes = {
				LastUpgradeCheck = 0640;
				ORGANIZATIONNAME = "Vinay Kumar";
				TargetAttributes = {
					A1D83E521C16BF9200197640 = {
						CreatedOnToolsVersion = 6.4;
					};
					A1D83E5D1C16BF9200197640 = {
						CreatedOnToolsVersion = 6.4;
					};
				};
			};
			buildConfigurationList = A1D83E4E1C16BF9200197640 /* Build configuration list for PBXProject "DemoCocoaPods" */;
			compatibilityVersion = "Xcode 3.2";
			developmentRegion = English;
			hasScannedForEncodings = 0;
			knownRegions = (
				en,
			);
			mainGroup = A1D83E4A1C16BF9200197640;
			productRefGroup = A1D83E541C16BF9200197640 /* Products */;
			projectDirPath = "";
			projectRoot = "";
			targets = (
				A1D83E521C16BF9200197640 /* DemoCocoaPods */,
				A1D83E5D1C16BF9200197640 /* DemoCocoaPodsTests */,
			);
		};
/* End PBXProject section */

/* Begin PBXResourcesBuildPhase section */
		A1D83E5C1C16BF9200197640 /* Resources */ = {
			isa = PBXResourcesBuildPhase;
			buildActionMask = 2147483647;
			files = (
			);
			runOnlyForDeploymentPostprocessing = 0;
		};
/* End PBXResourcesBuildPhase section */

/* Begin PBXSourcesBuildPhase section */
		A1D83E4F1C16BF9200197640 /* Sources */ = {
			isa = PBXSourcesBuildPhase;
			buildActionMask = 2147483647;
			files = (
				A1D83E6F1C16C42000197640 /* SSHelloer.m in Sources */,
			);
			runOnlyForDeploymentPostprocessing = 0;
		};
		A1D83E5A1C16BF9200197640 /* Sources */ = {
			isa = PBXSourcesBuildPhase;
			buildActionMask = 2147483647;
			files = (
			);
			runOnlyForDeploymentPostprocessing = 0;
		};
/* End PBXSourcesBuildPhase section */

/* Begin PBXTargetDependency section */
		A1D83E611C16BF9200197640 /* PBXTargetDependency */ = {
			isa = PBXTargetDependency;
			target = A1D83E521C16BF9200197640 /* DemoCocoaPods */;
			targetProxy = A1D83E601C16BF9200197640 /* PBXContainerItemProxy */;
		};
/* End PBXTargetDependency section */

/* Begin XCBuildConfiguration section */
		A1D83E651C16BF9200197640 /* Debug */ = {
			isa = XCBuildConfiguration;
			buildSettings = {
				ALWAYS_SEARCH_USER_PATHS = NO;
				CLANG_CXX_LANGUAGE_STANDARD = "gnu++0x";
				CLANG_CXX_LIBRARY = "libc++";
				CLANG_ENABLE_MODULES = YES;
				CLANG_ENABLE_OBJC_ARC = YES;
				CLANG_WARN_BOOL_CONVERSION = YES;
				CLANG_WARN_CONSTANT_CONVERSION = YES;
				CLANG_WARN_DIRECT_OBJC_ISA_USAGE = YES_ERROR;
				CLANG_WARN_EMPTY_BODY = YES;
				CLANG_WARN_ENUM_CONVERSION = YES;
				CLANG_WARN_INT_CONVERSION = YES;
				CLANG_WARN_OBJC_ROOT_CLASS = YES_ERROR;
				CLANG_WARN_UNREACHABLE_CODE = YES;
				CLANG_WARN__DUPLICATE_METHOD_MATCH = YES;
				COPY_PHASE_STRIP = NO;
				DEBUG_INFORMATION_FORMAT = "dwarf-with-dsym";
				ENABLE_STRICT_OBJC_MSGSEND = YES;
				GCC_C_LANGUAGE_STANDARD = gnu99;
				GCC_DYNAMIC_NO_PIC = NO;
				GCC_NO_COMMON_BLOCKS = YES;
				GCC_OPTIMIZATION_LEVEL = 0;
				GCC_PREPROCESSOR_DEFINITIONS = (
					"DEBUG=1",
					"$(inherited)",
				);
				GCC_SYMBOLS_PRIVATE_EXTERN = NO;
				GCC_WARN_64_TO_32_BIT_CONVERSION = YES;
				GCC_WARN_ABOUT_RETURN_TYPE = YES_ERROR;
				GCC_WARN_UNDECLARED_SELECTOR = YES;
				GCC_WARN_UNINITIALIZED_AUTOS = YES_AGGRESSIVE;
				GCC_WARN_UNUSED_FUNCTION = YES;
				GCC_WARN_UNUSED_VARIABLE = YES;
				IPHONEOS_DEPLOYMENT_TARGET = 8.4;
				MTL_ENABLE_DEBUG_INFO = YES;
				ONLY_ACTIVE_ARCH = YES;
				SDKROOT = iphoneos;
			};
			name = Debug;
		};
		A1D83E661C16BF9200197640 /* Release */ = {
			isa = XCBuildConfiguration;
			buildSettings = {
				ALWAYS_SEARCH_USER_PATHS = NO;
				CLANG_CXX_LANGUAGE_STANDARD = "gnu++0x";
				CLANG_CXX_LIBRARY = "libc++";
				CLANG_ENABLE_MODULES = YES;
				CLANG_ENABLE_OBJC_ARC = YES;
				CLANG_WARN_BOOL_CONVERSION = YES;
				CLANG_WARN_CONSTANT_CONVERSION = YES;
				CLANG_WARN_DIRECT_OBJC_ISA_USAGE = YES_ERROR;
				CLANG_WARN_EMPTY_BODY = YES;
				CLANG_WARN_ENUM_CONVERSION = YES;
				CLANG_WARN_INT_CONVERSION = YES;
				CLANG_WARN_OBJC_ROOT_CLASS = YES_ERROR;
				CLANG_WARN_UNREACHABLE_CODE = YES;
				CLANG_WARN__DUPLICATE_METHOD_MATCH = YES;
				COPY_PHASE_STRIP = NO;
				DEBUG_INFORMATION_FORMAT = "dwarf-with-dsym";
				ENABLE_NS_ASSERTIONS = NO;
				ENABLE_STRICT_OBJC_MSGSEND = YES;
				GCC_C_LANGUAGE_STANDARD = gnu99;
				GCC_NO_COMMON_BLOCKS = YES;
				GCC_WARN_64_TO_32_BIT_CONVERSION = YES;
				GCC_WARN_ABOUT_RETURN_TYPE = YES_ERROR;
				GCC_WARN_UNDECLARED_SELECTOR = YES;
				GCC_WARN_UNINITIALIZED_AUTOS = YES_AGGRESSIVE;
				GCC_WARN_UNUSED_FUNCTION = YES;
				GCC_WARN_UNUSED_VARIABLE = YES;
				IPHONEOS_DEPLOYMENT_TARGET = 8.4;
				MTL_ENABLE_DEBUG_INFO = NO;
				SDKROOT = iphoneos;
				VALIDATE_PRODUCT = YES;
			};
			name = Release;
		};
		A1D83E681C16BF9200197640 /* Debug */ = {
			isa = XCBuildConfiguration;
			buildSettings = {
				OTHER_LDFLAGS = "-ObjC";
				PRODUCT_NAME = "$(TARGET_NAME)";
				PUBLIC_HEADERS_FOLDER_PATH = "include/$(TARGET_NAME)";
				SKIP_INSTALL = YES;
			};
			name = Debug;
		};
		A1D83E691C16BF9200197640 /* Release */ = {
			isa = XCBuildConfiguration;
			buildSettings = {
				OTHER_LDFLAGS = "-ObjC";
				PRODUCT_NAME = "$(TARGET_NAME)";
				PUBLIC_HEADERS_FOLDER_PATH = "include/$(TARGET_NAME)";
				SKIP_INSTALL = YES;
			};
			name = Release;
		};
		A1D83E6B1C16BF9200197640 /* Debug */ = {
			isa = XCBuildConfiguration;
			buildSettings = {
				"CODE_SIGN_IDENTITY[sdk=iphoneos*]" = "iPhone Developer";
				FRAMEWORK_SEARCH_PATHS = (
					"$(SDKROOT)/Developer/Library/Frameworks",
					"$(inherited)",
				);
				GCC_PREPROCESSOR_DEFINITIONS = (
					"DEBUG=1",
					"$(inherited)",
				);
				INFOPLIST_FILE = DemoCocoaPodsTests/Info.plist;
				LD_RUNPATH_SEARCH_PATHS = "$(inherited) @executable_path/Frameworks @loader_path/Frameworks";
				PRODUCT_NAME = "$(TARGET_NAME)";
			};
			name = Debug;
		};
		A1D83E6C1C16BF9200197640 /* Release */ = {
			isa = XCBuildConfiguration;
			buildSettings = {
				"CODE_SIGN_IDENTITY[sdk=iphoneos*]" = "iPhone Developer";
				FRAMEWORK_SEARCH_PATHS = (
					"$(SDKROOT)/Developer/Library/Frameworks",
					"$(inherited)",
				);
				INFOPLIST_FILE = DemoCocoaPodsTests/Info.plist;
				LD_RUNPATH_SEARCH_PATHS = "$(inherited) @executable_path/Frameworks @loader_path/Frameworks";
				PRODUCT_NAME = "$(TARGET_NAME)";
			};
			name = Release;
		};
/* End XCBuildConfiguration section */

/* Begin XCConfigurationList section */
		A1D83E4E1C16BF9200197640 /* Build configuration list for PBXProject "DemoCocoaPods" */ = {
			isa = XCConfigurationList;
			buildConfigurations = (
				A1D83E651C16BF9200197640 /* Debug */,
				A1D83E661C16BF9200197640 /* Release */,
			);
			defaultConfigurationIsVisible = 0;
			defaultConfigurationName = Release;
		};
		A1D83E671C16BF9200197640 /* Build configuration list for PBXNativeTarget "DemoCocoaPods" */ = {
			isa = XCConfigurationList;
			buildConfigurations = (
				A1D83E681C16BF9200197640 /* Debug */,
				A1D83E691C16BF9200197640 /* Release */,
			);
			defaultConfigurationIsVisible = 0;
		};
		A1D83E6A1C16BF9200197640 /* Build configuration list for PBXNativeTarget "DemoCocoaPodsTests" */ = {
			isa = XCConfigurationList;
			buildConfigurations = (
				A1D83E6B1C16BF9200197640 /* Debug */,
				A1D83E6C1C16BF9200197640 /* Release */,
			);
			defaultConfigurationIsVisible = 0;
		};
/* End XCConfigurationList section */
	};
	rootObject = A1D83E4B1C16BF9200197640 /* Project object */;
}
